github.com/OlegPowerC/asn1modsnmp v1.0.1 h1:WF03743d+pUt0uQbPxnjc1xYYkIWmojz18iQgFbI+/8=
github.com/OlegPowerC/asn1modsnmp v1.0.1/go.mod h1:uouUzRmHKGd9o7y6AM7vqFOhsNLTNGKas8tcIM12r6E=
github.com/OlegPowerC/powersnmpv3 v1.5.8 h1:+MYTg6HvMfWTOgM6agv+7YAmVnvdd5HA6lM+dciPDDc=
github.com/OlegPowerC/powersnmpv3 v1.5.8/go.mod h1:U/jbheUhYhhCZK44M7qtoCvtCVwaIfvi8pPmSQkZWj4=
